
Microsoft Visual Studio Solution File, Format Version 12.00
Project("{FAE04EC0-301F-11D3-BF4B-00C04F79EFBC}") = "PracticingListsAndArrays", "PracticingListsAndArrays\PracticingListsAndArrays.csproj", "{2322390B-2916-43CD-A5BF-2C7205EFBD65}"
EndProject
Project("{FAE04EC0-301F-11D3-BF4B-00C04F79EFBC}") = "TestingMethods", "TestingMethods\TestingMethods.csproj", "{703A0C9D-CFBC-496C-A143-7749AAED0C59}"
EndProject
Global
	GlobalSection(SolutionConfigurationPlatforms) = preSolution
		Debug|Any CPU = Debug|Any CPU
		Release|Any CPU = Release|Any CPU
	EndGlobalSection
	GlobalSection(ProjectConfigurationPlatforms) = postSolution
		{2322390B-2916-43CD-A5BF-2C7205EFBD65}.Debug|Any CPU.ActiveCfg = Debug|Any CPU
		{2322390B-2916-43CD-A5BF-2C7205EFBD65}.Debug|Any CPU.Build.0 = Debug|Any CPU
		{2322390B-2916-43CD-A5BF-2C7205EFBD65}.Release|Any CPU.ActiveCfg = Release|Any CPU
		{2322390B-2916-43CD-A5BF-2C7205EFBD65}.Release|Any CPU.Build.0 = Release|Any CPU
		{703A0C9D-CFBC-496C-A143-7749AAED0C59}.Debug|Any CPU.ActiveCfg = Debug|Any CPU
		{703A0C9D-CFBC-496C-A143-7749AAED0C59}.Debug|Any CPU.Build.0 = Debug|Any CPU
		{703A0C9D-CFBC-496C-A143-7749AAED0C59}.Release|Any CPU.ActiveCfg = Release|Any CPU
		{703A0C9D-CFBC-496C-A143-7749AAED0C59}.Release|Any CPU.Build.0 = Release|Any CPU
	EndGlobalSection
EndGlobal
